# THIS IS AN AUTOGENERATED FILE. DO NOT EDIT THIS FILE DIRECTLY.
# yarn lockfile v1


"@danielfarrell/bootstrap-combobox@https://github.com/pallidus-fintech/bootstrap-combobox.git#enhance/boostrap_4":
  version "1.1.8"
  resolved "https://github.com/pallidus-fintech/bootstrap-combobox.git#0bd1da781b99d390f1c75315b6025e7d8658b263"

"@fortawesome/fontawesome-free@^5.1.0":
  version "5.1.0"
  resolved "https://registry.yarnpkg.com/@fortawesome/fontawesome-free/-/fontawesome-free-5.1.0.tgz#f35f5ba91366b7a58b0b6a4f22ff0907fe002219"

"TagManager@https://github.com/max-favilli/tagmanager.git#3.0.2", "tagmanager@https://github.com/max-favilli/tagmanager.git#3.0.2":
  version "3.0.1"
  resolved "https://github.com/max-favilli/tagmanager.git#df9eb9935c8585a392dfc00602f890caf233fa94"
  dependencies:
    jquery "1"

"bootbox@https://github.com/makeusabrew/bootbox.git#v5.x":
  version "5.0.0"
  resolved "https://github.com/makeusabrew/bootbox.git#8d843602d6ba7a2367829e01feee399d5f0a3a07"

"bootstrap-side-navbar@https://github.com/samrayner/bootstrap-side-navbar.git#1.0.1":
  version "0.0.0"
  resolved "https://github.com/samrayner/bootstrap-side-navbar.git#bda4883fd2b278df3a48db4add7dc4d994477734"

bootstrap@4.0.0:
  version "4.0.0"
  resolved "https://registry.yarnpkg.com/bootstrap/-/bootstrap-4.0.0.tgz#ceb03842c145fcc1b9b4e15da2a05656ba68469a"

bootstrap@^4.1.1:
  version "4.1.1"
  resolved "https://registry.yarnpkg.com/bootstrap/-/bootstrap-4.1.1.tgz#3aec85000fa619085da8d2e4983dfd67cf2114cb"

chart.js@2.7.1:
  version "2.7.1"
  resolved "https://registry.yarnpkg.com/chart.js/-/chart.js-2.7.1.tgz#ae90b4aa4ff1f02decd6b1a2a8dabfd73c9f9886"
  dependencies:
    chartjs-color "~2.2.0"
    moment "~2.18.0"

chartjs-color-string@^0.5.0:
  version "0.5.0"
  resolved "https://registry.yarnpkg.com/chartjs-color-string/-/chartjs-color-string-0.5.0.tgz#8d3752d8581d86687c35bfe2cb80ac5213ceb8c1"
  dependencies:
    color-name "^1.0.0"

chartjs-color@~2.2.0:
  version "2.2.0"
  resolved "https://registry.yarnpkg.com/chartjs-color/-/chartjs-color-2.2.0.tgz#84a2fb755787ed85c39dd6dd8c7b1d88429baeae"
  dependencies:
    chartjs-color-string "^0.5.0"
    color-convert "^0.5.3"

color-convert@^0.5.3:
  version "0.5.3"
  resolved "https://registry.yarnpkg.com/color-convert/-/color-convert-0.5.3.tgz#bdb6c69ce660fadffe0b0007cc447e1b9f7282bd"

color-name@^1.0.0:
  version "1.1.3"
  resolved "https://registry.yarnpkg.com/color-name/-/color-name-1.1.3.tgz#a7d0558bd89c42f795dd42328f740831ca53bc25"

datatables.net-bs4@1.10.16:
  version "1.10.16"
  resolved "https://registry.yarnpkg.com/datatables.net-bs4/-/datatables.net-bs4-1.10.16.tgz#9eee67cfa8565bd3807a603a188305f7d0e20e32"
  dependencies:
    datatables.net "1.10.16"
    jquery ">=1.7"

datatables.net-bs4@^1.10.15, datatables.net-bs4@^1.10.19:
  version "1.10.19"
  resolved "https://registry.yarnpkg.com/datatables.net-bs4/-/datatables.net-bs4-1.10.19.tgz#0608dff22008cf3c7b8a68b1bc702ed255b404fb"
  dependencies:
    datatables.net "1.10.19"
    jquery ">=1.7"

datatables.net-responsive-bs4@^2.2.3:
  version "2.2.3"
  resolved "https://registry.yarnpkg.com/datatables.net-responsive-bs4/-/datatables.net-responsive-bs4-2.2.3.tgz#639de17c1d31210ebf2b3c25f1c774c13f729e94"
  dependencies:
    datatables.net-bs4 "^1.10.15"
    datatables.net-responsive "2.2.3"
    jquery ">=1.7"

datatables.net-responsive@2.2.3, datatables.net-responsive@^2.2.3:
  version "2.2.3"
  resolved "https://registry.yarnpkg.com/datatables.net-responsive/-/datatables.net-responsive-2.2.3.tgz#50a2b1b4955b16b32f573a3f00f473b0bfbee913"
  dependencies:
    datatables.net "^1.10.15"
    jquery ">=1.7"

datatables.net@1.10.16:
  version "1.10.16"
  resolved "https://registry.yarnpkg.com/datatables.net/-/datatables.net-1.10.16.tgz#4b052d1082824261b68eed9d22741b711d3d2469"
  dependencies:
    jquery ">=1.7"

datatables.net@1.10.19, datatables.net@^1.10.15, datatables.net@^1.10.19:
  version "1.10.19"
  resolved "https://registry.yarnpkg.com/datatables.net/-/datatables.net-1.10.19.tgz#97a1ed41c85e62d61040603481b59790a172dd1f"
  dependencies:
    jquery ">=1.7"

font-awesome@4.7.0:
  version "4.7.0"
  resolved "https://registry.yarnpkg.com/font-awesome/-/font-awesome-4.7.0.tgz#8fa8cf0411a1a31afd07b06d2902bb9fc815a133"

jquery-serializejson@^2.8.1:
  version "2.8.1"
  resolved "https://registry.yarnpkg.com/jquery-serializejson/-/jquery-serializejson-2.8.1.tgz#fc40dd11e5d9a6fd2a3614fdcba89e4af794f0a8"

jquery-ui-dist@^1.12.1:
  version "1.12.1"
  resolved "https://registry.yarnpkg.com/jquery-ui-dist/-/jquery-ui-dist-1.12.1.tgz#5c0815d3cc6f90ff5faaf5b268a6e23b4ca904fa"

jquery.easing@^1.4.1:
  version "1.4.1"
  resolved "https://registry.yarnpkg.com/jquery.easing/-/jquery.easing-1.4.1.tgz#47982c5836bd758fd48494923c4a101ef6e93e3b"

jquery@1:
  version "1.12.4"
  resolved "https://registry.yarnpkg.com/jquery/-/jquery-1.12.4.tgz#01e1dfba290fe73deba77ceeacb0f9ba2fec9e0c"

jquery@3.3.1, jquery@>=1.12.0, jquery@>=1.2.3, jquery@>=1.7, jquery@^3.0, jquery@^3.3.1:
  version "3.3.1"
  resolved "https://registry.yarnpkg.com/jquery/-/jquery-3.3.1.tgz#958ce29e81c9790f31be7792df5d4d95fc57fbca"

moment-timezone@^0.5.11:
  version "0.5.21"
  resolved "https://registry.yarnpkg.com/moment-timezone/-/moment-timezone-0.5.21.tgz#3cba247d84492174dbf71de2a9848fa13207b845"
  dependencies:
    moment ">= 2.9.0"

"moment@>= 2.9.0", moment@^2.22.2:
  version "2.22.2"
  resolved "https://registry.yarnpkg.com/moment/-/moment-2.22.2.tgz#3c257f9839fc0e93ff53149632239eb90783ff66"

moment@~2.18.0:
  version "2.18.1"
  resolved "https://registry.yarnpkg.com/moment/-/moment-2.18.1.tgz#c36193dd3ce1c2eed2adb7c802dbbc77a81b1c0f"

popper.js@^1.12.9:
  version "1.14.3"
  resolved "https://registry.yarnpkg.com/popper.js/-/popper.js-1.14.3.tgz#1438f98d046acf7b4d78cd502bf418ac64d4f095"

startbootstrap-sb-admin@^4.0.0:
  version "4.0.0"
  resolved "https://registry.yarnpkg.com/startbootstrap-sb-admin/-/startbootstrap-sb-admin-4.0.0.tgz#cf141a260d031b36bdc013c68200a1c1ea6c9881"
  dependencies:
    bootstrap "4.0.0"
    chart.js "2.7.1"
    datatables.net-bs4 "1.10.16"
    font-awesome "4.7.0"
    jquery "3.3.1"
    jquery.easing "^1.4.1"

swagger-ui-dist@^3.17.3:
  version "3.17.3"
  resolved "https://registry.yarnpkg.com/swagger-ui-dist/-/swagger-ui-dist-3.17.3.tgz#dfb96408ccc46775155f7369190c5d4b2016fe5c"

tempusdominus-bootstrap-4@^5.0.1:
  version "5.0.1"
  resolved "https://registry.yarnpkg.com/tempusdominus-bootstrap-4/-/tempusdominus-bootstrap-4-5.0.1.tgz#713d5d1547caf7784e510e480e32997ccbe7e511"
  dependencies:
    bootstrap "4.0.0"
    jquery "^3.0"
    moment "^2.22.2"
    moment-timezone "^0.5.11"
    popper.js "^1.12.9"

timeago@^1.6.3:
  version "1.6.3"
  resolved "https://registry.yarnpkg.com/timeago/-/timeago-1.6.3.tgz#162a1adae99356297df59339837d09f1b0f36465"
  dependencies:
    jquery ">=1.2.3"

toastr@^2.1.4:
  version "2.1.4"
  resolved "https://registry.yarnpkg.com/toastr/-/toastr-2.1.4.tgz#8b43be64fb9d0c414871446f2db8e8ca4e95f181"
  dependencies:
    jquery ">=1.12.0"
