# THIS IS AN AUTOGENERATED FILE. DO NOT EDIT THIS FILE DIRECTLY.
# yarn lockfile v1


"@danielfarrell/bootstrap-combobox@https://github.com/berrnd/bootstrap-combobox.git#master":
  version "1.1.8"
  resolved "https://github.com/berrnd/bootstrap-combobox.git#fcf0110146f4daab94888234c57d198b4ca5f129"

"@fortawesome/fontawesome-free@^5.1.0":
  version "5.4.2"
  resolved "https://registry.yarnpkg.com/@fortawesome/fontawesome-free/-/fontawesome-free-5.4.2.tgz#b2d782da69c45ea61954291e2615a8f7741c96b2"
  integrity sha512-lpruVv/4AkKUujyzHCNJ8yOceBf7Na/pFaX52ZI/BFMCYkUEwiQ1P0viZg//+WelrNNEgvMOvCMDEDaOMZ/u1w==

"TagManager@https://github.com/max-favilli/tagmanager.git#3.0.2":
  version "3.0.1"
  resolved "https://github.com/max-favilli/tagmanager.git#df9eb9935c8585a392dfc00602f890caf233fa94"
  dependencies:
    jquery "1"

"bootbox@https://github.com/makeusabrew/bootbox.git#v5.x":
  version "5.0.0"
  resolved "https://github.com/makeusabrew/bootbox.git#5f506b2bffbd190ec42ed589c013dc0a983bb345"

bootstrap@4.0.0:
  version "4.0.0"
  resolved "https://registry.yarnpkg.com/bootstrap/-/bootstrap-4.0.0.tgz#ceb03842c145fcc1b9b4e15da2a05656ba68469a"
  integrity sha512-gulJE5dGFo6Q61V/whS6VM4WIyrlydXfCgkE+Gxe5hjrJ8rXLLZlALq7zq2RPhOc45PSwQpJkrTnc2KgD6cvmA==

bootstrap@>=4.1.2, bootstrap@^4.1.1:
  version "4.1.3"
  resolved "https://registry.yarnpkg.com/bootstrap/-/bootstrap-4.1.3.tgz#0eb371af2c8448e8c210411d0cb824a6409a12be"
  integrity sha512-rDFIzgXcof0jDyjNosjv4Sno77X4KuPeFxG2XZZv1/Kc8DRVGVADdoQyyOVDwPqL36DDmtCQbrpMCqvpPLJQ0w==

chart.js@2.7.1:
  version "2.7.1"
  resolved "https://registry.yarnpkg.com/chart.js/-/chart.js-2.7.1.tgz#ae90b4aa4ff1f02decd6b1a2a8dabfd73c9f9886"
  integrity sha512-pX1oQAY86MiuyZ2hY593Acbl4MLHKrBBhhmZ1YqSadzQbbsBE2rnd6WISoHjIsdf0WDeC0hbePYCz2ZxkV8L+g==
  dependencies:
    chartjs-color "~2.2.0"
    moment "~2.18.0"

chart.js@^2.7.2:
  version "2.7.3"
  resolved "https://registry.yarnpkg.com/chart.js/-/chart.js-2.7.3.tgz#cdb61618830bf216dc887e2f7b1b3c228b73c57e"
  integrity sha512-3+7k/DbR92m6BsMUYP6M0dMsMVZpMnwkUyNSAbqolHKsbIzH2Q4LWVEHHYq7v0fmEV8whXE0DrjANulw9j2K5g==
  dependencies:
    chartjs-color "^2.1.0"
    moment "^2.10.2"

chartjs-color-string@^0.5.0:
  version "0.5.0"
  resolved "https://registry.yarnpkg.com/chartjs-color-string/-/chartjs-color-string-0.5.0.tgz#8d3752d8581d86687c35bfe2cb80ac5213ceb8c1"
  integrity sha512-amWNvCOXlOUYxZVDSa0YOab5K/lmEhbFNKI55PWc4mlv28BDzA7zaoQTGxSBgJMHIW+hGX8YUrvw/FH4LyhwSQ==
  dependencies:
    color-name "^1.0.0"

chartjs-color@^2.1.0, chartjs-color@~2.2.0:
  version "2.2.0"
  resolved "https://registry.yarnpkg.com/chartjs-color/-/chartjs-color-2.2.0.tgz#84a2fb755787ed85c39dd6dd8c7b1d88429baeae"
  integrity sha1-hKL7dVeH7YXDndbdjHsdiEKbrq4=
  dependencies:
    chartjs-color-string "^0.5.0"
    color-convert "^0.5.3"

color-convert@^0.5.3:
  version "0.5.3"
  resolved "https://registry.yarnpkg.com/color-convert/-/color-convert-0.5.3.tgz#bdb6c69ce660fadffe0b0007cc447e1b9f7282bd"
  integrity sha1-vbbGnOZg+t/+CwAHzER+G59ygr0=

color-name@^1.0.0:
  version "1.1.4"
  resolved "https://registry.yarnpkg.com/color-name/-/color-name-1.1.4.tgz#c2a09a87acbde69543de6f63fa3995c826c536a2"
  integrity sha512-dOy+3AuW3a2wNbZHIuMZpTcgjGuLU/uBL/ubcZF9OXbDo8ff4O8yVp5Bf0efS8uEoYo5q4Fx7dY9OgQGXgAsQA==

datatables.net-bs4@1.10.16:
  version "1.10.16"
  resolved "https://registry.yarnpkg.com/datatables.net-bs4/-/datatables.net-bs4-1.10.16.tgz#9eee67cfa8565bd3807a603a188305f7d0e20e32"
  integrity sha1-nu5nz6hWW9OAemA6GIMF99DiDjI=
  dependencies:
    datatables.net "1.10.16"
    jquery ">=1.7"

datatables.net-bs4@^1.10.15, datatables.net-bs4@^1.10.19:
  version "1.10.19"
  resolved "https://registry.yarnpkg.com/datatables.net-bs4/-/datatables.net-bs4-1.10.19.tgz#0608dff22008cf3c7b8a68b1bc702ed255b404fb"
  integrity sha512-pgeP17w4aPR7HIxIwuJghfqXULjdg1K6xMUUKDyCERJRSNNK4MRToFfELtIsluLNN555YBK4Kx8nihX5/ZT1Fw==
  dependencies:
    datatables.net "1.10.19"
    jquery ">=1.7"

datatables.net-colreorder-bs4@^1.5.1:
  version "1.5.1"
  resolved "https://registry.yarnpkg.com/datatables.net-colreorder-bs4/-/datatables.net-colreorder-bs4-1.5.1.tgz#7ded353a68296b85f0dbfb234b8cb5d8fc2bee3c"
  integrity sha512-mi5wxkjnkI8fxGJ9e/Vu20E7MMZj7yK3xjLIzDrsHOHQupr6FF6eJnUoVH4gDo9Ynfb/yApVbnuW29v/YjnDKw==
  dependencies:
    datatables.net-bs4 "^1.10.15"
    datatables.net-colreorder "1.5.1"
    jquery ">=1.7"

datatables.net-colreorder@1.5.1, datatables.net-colreorder@^1.5.1:
  version "1.5.1"
  resolved "https://registry.yarnpkg.com/datatables.net-colreorder/-/datatables.net-colreorder-1.5.1.tgz#ee5eacd7178b5fd9396aab44d4907aae35086f8c"
  integrity sha512-nKV0ZBOdOG+CCrtDZZlTOvhu9NC53pr4rYR8Xhd3KIKipLZohWWdBoOFGMu+VKDvllg2Xj79oS/wicYSiNyteA==
  dependencies:
    datatables.net "^1.10.15"
    jquery ">=1.7"

datatables.net-responsive-bs4@^2.2.3:
  version "2.2.3"
  resolved "https://registry.yarnpkg.com/datatables.net-responsive-bs4/-/datatables.net-responsive-bs4-2.2.3.tgz#639de17c1d31210ebf2b3c25f1c774c13f729e94"
  integrity sha512-SQaWI0uLuPcaiBBin9zX+MuQfTSIkK1bYxbXqUV6NLkHCVa6PMQK7Rvftj0ywG4R7uOtjbzY8nSVqxEKvQI0Vg==
  dependencies:
    datatables.net-bs4 "^1.10.15"
    datatables.net-responsive "2.2.3"
    jquery ">=1.7"

datatables.net-responsive@2.2.3, datatables.net-responsive@^2.2.3:
  version "2.2.3"
  resolved "https://registry.yarnpkg.com/datatables.net-responsive/-/datatables.net-responsive-2.2.3.tgz#50a2b1b4955b16b32f573a3f00f473b0bfbee913"
  integrity sha512-8D6VtZcyuH3FG0Hn5A4LPZQEOX3+HrRFM7HjpmsQc/nQDBbdeBLkJX4Sh/o1nzFTSneuT1Wh/lYZHVPpjcN+Sw==
  dependencies:
    datatables.net "^1.10.15"
    jquery ">=1.7"

datatables.net-rowgroup-bs4@^1.0.4:
  version "1.1.0"
  resolved "https://registry.yarnpkg.com/datatables.net-rowgroup-bs4/-/datatables.net-rowgroup-bs4-1.1.0.tgz#bcaa9842bc9cf70eeba19e8af6edad190c7b896e"
  integrity sha512-R2C+lLbVyPuyITVJo/1va97nHOcQ06M0kReTmN4zaR4/SRkFDfOVXz48w2jT1AJW/j65DYAh+OHwUSYgcgKisA==
  dependencies:
    datatables.net-bs4 "^1.10.15"
    datatables.net-rowgroup "1.1.0"
    jquery ">=1.7"

datatables.net-rowgroup@1.1.0, datatables.net-rowgroup@^1.0.4:
  version "1.1.0"
  resolved "https://registry.yarnpkg.com/datatables.net-rowgroup/-/datatables.net-rowgroup-1.1.0.tgz#638efb37a1a15f5b3402b7dbce89b3bcdc286f1a"
  integrity sha512-OPIiiMTbIoh1hSnJ9lx3avqKpYtEPux5iA6jpWKRdyKbdYU8UQbi5ht3b096frYQplIuAQnQcwqpGmvrf77l6g==
  dependencies:
    datatables.net "^1.10.15"
    jquery ">=1.7"

datatables.net-select-bs4@^1.2.7:
  version "1.2.7"
  resolved "https://registry.yarnpkg.com/datatables.net-select-bs4/-/datatables.net-select-bs4-1.2.7.tgz#5e4ddd8feb412e974b54a15e81b2bb29840ba55b"
  integrity sha512-ch+PI9rcp7FAddgF7ZyUfqptoSq1Ck0FadL/HHh6X1xazT+VwZdPy+Gtt2qjMCZhJfCkzjAGxvi1Hk4aFgr3vg==
  dependencies:
    datatables.net-bs4 "^1.10.15"
    datatables.net-select "1.2.7"
    jquery ">=1.7"

datatables.net-select@1.2.7, datatables.net-select@^1.2.7:
  version "1.2.7"
  resolved "https://registry.yarnpkg.com/datatables.net-select/-/datatables.net-select-1.2.7.tgz#7d5badfca49c438f8b51df04483d8d77857e917c"
  integrity sha512-C3XDi7wpruGjDXV36dc9hN/FrAX9GOFvBZ7+KfKJTBNkGFbbhdzHS91SMeGiwRXPYivAyxfPTcVVndVaO83uBQ==
  dependencies:
    datatables.net "^1.10.15"
    jquery ">=1.7"

datatables.net@1.10.16:
  version "1.10.16"
  resolved "https://registry.yarnpkg.com/datatables.net/-/datatables.net-1.10.16.tgz#4b052d1082824261b68eed9d22741b711d3d2469"
  integrity sha1-SwUtEIKCQmG2ju2dInQbcR09JGk=
  dependencies:
    jquery ">=1.7"

datatables.net@1.10.19, datatables.net@^1.10.15, datatables.net@^1.10.19:
  version "1.10.19"
  resolved "https://registry.yarnpkg.com/datatables.net/-/datatables.net-1.10.19.tgz#97a1ed41c85e62d61040603481b59790a172dd1f"
  integrity sha512-+ljXcI6Pj3PTGy5pesp3E5Dr3x3AV45EZe0o1r0gKENN2gafBKXodVnk2ypKwl2tTmivjxbkiqoWnipTefyBTA==
  dependencies:
    jquery ">=1.7"

font-awesome@4.7.0:
  version "4.7.0"
  resolved "https://registry.yarnpkg.com/font-awesome/-/font-awesome-4.7.0.tgz#8fa8cf0411a1a31afd07b06d2902bb9fc815a133"
  integrity sha1-j6jPBBGhoxr9B7BtKQK7n8gVoTM=

jquery-serializejson@^2.8.1:
  version "2.8.1"
  resolved "https://registry.yarnpkg.com/jquery-serializejson/-/jquery-serializejson-2.8.1.tgz#fc40dd11e5d9a6fd2a3614fdcba89e4af794f0a8"
  integrity sha1-/EDdEeXZpv0qNhT9y6ieSveU8Kg=

jquery-ui-dist@^1.12.1:
  version "1.12.1"
  resolved "https://registry.yarnpkg.com/jquery-ui-dist/-/jquery-ui-dist-1.12.1.tgz#5c0815d3cc6f90ff5faaf5b268a6e23b4ca904fa"
  integrity sha1-XAgV08xvkP9fqvWyaKbiO0ypBPo=

jquery.easing@^1.4.1:
  version "1.4.1"
  resolved "https://registry.yarnpkg.com/jquery.easing/-/jquery.easing-1.4.1.tgz#47982c5836bd758fd48494923c4a101ef6e93e3b"
  integrity sha1-R5gsWDa9dY/UhJSSPEoQHvbpPjs=

jquery@1:
  version "1.12.4"
  resolved "https://registry.yarnpkg.com/jquery/-/jquery-1.12.4.tgz#01e1dfba290fe73deba77ceeacb0f9ba2fec9e0c"
  integrity sha1-AeHfuikP5z3rp3zurLD5ui/sngw=

jquery@3.3.1, jquery@>=1.12.0, jquery@>=1.2.3, jquery@>=1.7, jquery@^3.0, jquery@^3.3.1:
  version "3.3.1"
  resolved "https://registry.yarnpkg.com/jquery/-/jquery-3.3.1.tgz#958ce29e81c9790f31be7792df5d4d95fc57fbca"
  integrity sha512-Ubldcmxp5np52/ENotGxlLe6aGMvmF4R8S6tZjsP6Knsaxd/xp3Zrh50cG93lR6nPXyUFwzN3ZSOQI0wRJNdGg==

moment-timezone@^0.5.11:
  version "0.5.21"
  resolved "https://registry.yarnpkg.com/moment-timezone/-/moment-timezone-0.5.21.tgz#3cba247d84492174dbf71de2a9848fa13207b845"
  integrity sha512-j96bAh4otsgj3lKydm3K7kdtA3iKf2m6MY2iSYCzCm5a1zmHo1g+aK3068dDEeocLZQIS9kU8bsdQHLqEvgW0A==
  dependencies:
    moment ">= 2.9.0"

"moment@>= 2.9.0", moment@^2.10.2, moment@^2.22.2:
  version "2.22.2"
  resolved "https://registry.yarnpkg.com/moment/-/moment-2.22.2.tgz#3c257f9839fc0e93ff53149632239eb90783ff66"
  integrity sha1-PCV/mDn8DpP/UxSWMiOeuQeD/2Y=

moment@~2.18.0:
  version "2.18.1"
  resolved "https://registry.yarnpkg.com/moment/-/moment-2.18.1.tgz#c36193dd3ce1c2eed2adb7c802dbbc77a81b1c0f"
  integrity sha1-w2GT3Tzhwu7SrbfIAtu8d6gbHA8=

popper.js@^1.14.3:
  version "1.14.4"
  resolved "https://registry.yarnpkg.com/popper.js/-/popper.js-1.14.4.tgz#8eec1d8ff02a5a3a152dd43414a15c7b79fd69b6"
  integrity sha1-juwdj/AqWjoVLdQ0FKFce3n9abY=

startbootstrap-sb-admin@^4.0.0:
  version "4.0.0"
  resolved "https://registry.yarnpkg.com/startbootstrap-sb-admin/-/startbootstrap-sb-admin-4.0.0.tgz#cf141a260d031b36bdc013c68200a1c1ea6c9881"
  integrity sha512-qnIu5fcjAb288+MgeaOBnZ93eq4lXb3cpUgbqGUVG2afDRFgsIX0ii3BgbWHrQ7jYZRYADEKWe580F8uUpIAHg==
  dependencies:
    bootstrap "4.0.0"
    chart.js "2.7.1"
    datatables.net-bs4 "1.10.16"
    font-awesome "4.7.0"
    jquery "3.3.1"
    jquery.easing "^1.4.1"

summernote@^0.8.10:
  version "0.8.10"
  resolved "https://registry.yarnpkg.com/summernote/-/summernote-0.8.10.tgz#21a5d7f18a3b07500b58b60d5907417a54897520"
  integrity sha512-1b4ESCiY9HW+12HYXCntjbThVgeYNaYKfKL7pC4Jqjo/WDS4G4mMtd2kPuCw56HxeRT67d+zlehopaE+M4o6aQ==

swagger-ui-dist@^3.17.3:
  version "3.19.4"
  resolved "https://registry.yarnpkg.com/swagger-ui-dist/-/swagger-ui-dist-3.19.4.tgz#18053b1e7fa135c00dce0f2ebfaeb05d186cd5b5"
  integrity sha512-YxC2mN53oXzF3hobm9cFhR14j9amNe2zUeKQa/tHckDJKItIxLQd+ksfeJgKw+pK04C2yppscOCFlIAvgR+jNQ==

tempusdominus-bootstrap-4@^5.1.2:
  version "5.1.2"
  resolved "https://registry.yarnpkg.com/tempusdominus-bootstrap-4/-/tempusdominus-bootstrap-4-5.1.2.tgz#3c9906ca6e5d563faa0b81b2fdc6aa79cad9c0be"
  integrity sha512-ksD8qc4wOJeE19wvryXmEpRzMUSZu4wSOdG6zKSn8l4ccad16249KOX1j0CccyZpuuES/n4FLqLAUB+Dd1LTBA==
  dependencies:
    bootstrap ">=4.1.2"
    jquery "^3.0"
    moment "^2.22.2"
    moment-timezone "^0.5.11"
    popper.js "^1.14.3"

timeago@^1.6.3:
  version "1.6.3"
  resolved "https://registry.yarnpkg.com/timeago/-/timeago-1.6.3.tgz#162a1adae99356297df59339837d09f1b0f36465"
  integrity sha512-x97d1X1KsNapWJTgCOOAy/59XagYu2WsDTAH/yvPsWi5bqtGbLPaVZBv3HZ3jTpakHR+JGGyrI9qC0yuvIAvnQ==
  dependencies:
    jquery ">=1.2.3"

toastr@^2.1.4:
  version "2.1.4"
  resolved "https://registry.yarnpkg.com/toastr/-/toastr-2.1.4.tgz#8b43be64fb9d0c414871446f2db8e8ca4e95f181"
  integrity sha1-i0O+ZPudDEFIcURvLbjoyk6V8YE=
  dependencies:
    jquery ">=1.12.0"
